{
  "name": "SvelteKit-Windi",
  "version": "0.0.1",
  "lockfileVersion": 1,
  "requires": true,
  "dependencies": {
    "@antfu/utils": {
      "version": "0.1.7",
      "resolved": "https://registry.npmjs.org/@antfu/utils/-/utils-0.1.7.tgz",
      "integrity": "sha512-XbmXbhrjfxQq+ishOKeUIK1VYxQV0B+ZkAQkz00bxhmQd5izdT0YRSDwkyH/KX46gFVBMd+6anvSDlciUt3L4A==",
      "dev": true
    },
    "@nodelib/fs.scandir": {
      "version": "2.1.5",
      "resolved": "https://registry.npmjs.org/@nodelib/fs.scandir/-/fs.scandir-2.1.5.tgz",
      "integrity": "sha512-vq24Bq3ym5HEQm2NKCr3yXDwjc7vTsEThRDnkp2DK9p1uqLR+DHurm/NOTo0KG7HYHU7eppKZj3MyqYuMBf62g==",
      "dev": true,
      "requires": {
        "@nodelib/fs.stat": "2.0.5",
        "run-parallel": "^1.1.9"
      }
    },
    "@nodelib/fs.stat": {
      "version": "2.0.5",
      "resolved": "https://registry.npmjs.org/@nodelib/fs.stat/-/fs.stat-2.0.5.tgz",
      "integrity": "sha512-RkhPPp2zrqDAQA/2jNhnztcPAlv64XdhIp7a7454A5ovI7Bukxgt7MX7udwAu3zg1DcpPU0rz3VV1SeaqvY4+A==",
      "dev": true
    },
    "@nodelib/fs.walk": {
      "version": "1.2.7",
      "resolved": "https://registry.npmjs.org/@nodelib/fs.walk/-/fs.walk-1.2.7.tgz",
      "integrity": "sha512-BTIhocbPBSrRmHxOAJFtR18oLhxTtAFDAvL8hY1S3iU8k+E60W/YFs4jrixGzQjMpF4qPXxIQHcjVD9dz1C2QA==",
      "dev": true,
      "requires": {
        "@nodelib/fs.scandir": "2.1.5",
        "fastq": "^1.6.0"
      }
    },
    "@rollup/pluginutils": {
      "version": "4.1.0",
      "resolved": "https://registry.npmjs.org/@rollup/pluginutils/-/pluginutils-4.1.0.tgz",
      "integrity": "sha512-TrBhfJkFxA+ER+ew2U2/fHbebhLT/l/2pRk0hfj9KusXUuRXd2v0R58AfaZK9VXDQ4TogOSEmICVrQAA3zFnHQ==",
      "dev": true,
      "requires": {
        "estree-walker": "^2.0.1",
        "picomatch": "^2.2.2"
      }
    },
    "@sveltejs/adapter-static": {
      "version": "1.0.0-next.13",
      "resolved": "https://registry.npmjs.org/@sveltejs/adapter-static/-/adapter-static-1.0.0-next.13.tgz",
      "integrity": "sha512-zaXJlWK9JfrjrE6nG5etB8kf4DSkbE3H8Ql6gmCk3WjdvpY85a60TMYBU9OK2iunkqpHnPYiMUGEnOGYmWlLYA==",
      "dev": true
    },
    "@sveltejs/kit": {
      "version": "1.0.0-next.115",
      "resolved": "https://registry.npmjs.org/@sveltejs/kit/-/kit-1.0.0-next.115.tgz",
      "integrity": "sha512-XbkL9hI7LI0Dfum9crtBIeENqdJEjMfDaX3qQTTgdYkhlb4KNNYErmDWo8bJNJKEfdV0BJBVN/I0wiat3cd/yA==",
      "dev": true,
      "requires": {
        "@sveltejs/vite-plugin-svelte": "^1.0.0-next.11",
        "cheap-watch": "^1.0.3",
        "sade": "^1.7.4",
        "vite": "2.3.7"
      }
    },
    "@sveltejs/vite-plugin-svelte": {
      "version": "1.0.0-next.11",
      "resolved": "https://registry.npmjs.org/@sveltejs/vite-plugin-svelte/-/vite-plugin-svelte-1.0.0-next.11.tgz",
      "integrity": "sha512-EYR1I145k5rflVqhPwk3442m3bkYimTKSHM9uO5KdomXzt+GS9ZSBJQE3/wy1Di9V8OnGa3oKpckI3OZsHkTIA==",
      "dev": true,
      "requires": {
        "@rollup/pluginutils": "^4.1.0",
        "chalk": "^4.1.1",
        "debug": "^4.3.2",
        "require-relative": "^0.8.7",
        "svelte-hmr": "^0.14.4"
      }
    },
    "@types/node": {
      "version": "15.12.2",
      "resolved": "https://registry.npmjs.org/@types/node/-/node-15.12.2.tgz",
      "integrity": "sha512-zjQ69G564OCIWIOHSXyQEEDpdpGl+G348RAKY0XXy9Z5kU9Vzv1GMNnkar/ZJ8dzXB3COzD9Mo9NtRZ4xfgUww==",
      "dev": true
    },
    "@types/pug": {
      "version": "2.0.4",
      "resolved": "https://registry.npmjs.org/@types/pug/-/pug-2.0.4.tgz",
      "integrity": "sha1-h3L80EGOPNLMFxVV1zAHQVBR9LI=",
      "dev": true
    },
    "@types/sass": {
      "version": "1.16.0",
      "resolved": "https://registry.npmjs.org/@types/sass/-/sass-1.16.0.tgz",
      "integrity": "sha512-2XZovu4NwcqmtZtsBR5XYLw18T8cBCnU2USFHTnYLLHz9fkhnoEMoDsqShJIOFsFhn5aJHjweiUUdTrDGujegA==",
      "dev": true,
      "requires": {
        "@types/node": "*"
      }
    },
    "@windicss/plugin-utils": {
      "version": "1.0.4",
      "resolved": "https://registry.npmjs.org/@windicss/plugin-utils/-/plugin-utils-1.0.4.tgz",
      "integrity": "sha512-1Eqw+/lhk3vqW8vgttmLDbzE6YIFL047Kuy/v6jhQd3w7RG+fPbQE6YwnqJerPYvCcRwujQ9ABrLr0+cS+i0tQ==",
      "dev": true,
      "requires": {
        "@antfu/utils": "^0.1.6",
        "debug": "^4.3.2",
        "fast-glob": "^3.2.5",
        "jiti": "^1.10.1",
        "magic-string": "^0.25.7",
        "micromatch": "^4.0.4",
        "windicss": "^3.1.3"
      },
      "dependencies": {
        "windicss": {
          "version": "3.1.3",
          "resolved": "https://registry.npmjs.org/windicss/-/windicss-3.1.3.tgz",
          "integrity": "sha512-l7fpoba2LY9AYRy4UgcuOpbPsed8UsbpEQYUVWRR1wdAwiKxK6bGIMfpiKJtjPAPdh0GOGUqr6KJar0EDZSxzg==",
          "dev": true
        }
      }
    },
    "ansi-styles": {
      "version": "4.3.0",
      "resolved": "https://registry.npmjs.org/ansi-styles/-/ansi-styles-4.3.0.tgz",
      "integrity": "sha512-zbB9rCJAT1rbjiVDb2hqKFHNYLxgtk8NURxZ3IZwD3F6NtxbXZQCnnSi1Lkx+IDohdPlFp222wVALIheZJQSEg==",
      "dev": true,
      "requires": {
        "color-convert": "^2.0.1"
      }
    },
    "braces": {
      "version": "3.0.2",
      "resolved": "https://registry.npmjs.org/braces/-/braces-3.0.2.tgz",
      "integrity": "sha512-b8um+L1RzM3WDSzvhm6gIz1yfTbBt6YTlcEKAvsmqCZZFw46z626lVj9j1yEPW33H5H+lBQpZMP1k8l+78Ha0A==",
      "dev": true,
      "requires": {
        "fill-range": "^7.0.1"
      }
    },
    "chalk": {
      "version": "4.1.1",
      "resolved": "https://registry.npmjs.org/chalk/-/chalk-4.1.1.tgz",
      "integrity": "sha512-diHzdDKxcU+bAsUboHLPEDQiw0qEe0qd7SYUn3HgcFlWgbDcfLGswOHYeGrHKzG9z6UYf01d9VFMfZxPM1xZSg==",
      "dev": true,
      "requires": {
        "ansi-styles": "^4.1.0",
        "supports-color": "^7.1.0"
      }
    },
    "cheap-watch": {
      "version": "1.0.3",
      "resolved": "https://registry.npmjs.org/cheap-watch/-/cheap-watch-1.0.3.tgz",
      "integrity": "sha512-xC5CruMhLzjPwJ5ecUxGu1uGmwJQykUhqd2QrCrYbwvsFYdRyviu6jG9+pccwDXJR/OpmOTOJ9yLFunVgQu9wg==",
      "dev": true
    },
    "color-convert": {
      "version": "2.0.1",
      "resolved": "https://registry.npmjs.org/color-convert/-/color-convert-2.0.1.tgz",
      "integrity": "sha512-RRECPsj7iu/xb5oKYcsFHSppFNnsj/52OVTRKb4zP5onXwVF3zVmmToNcOfGC+CRDpfK/U584fMg38ZHCaElKQ==",
      "dev": true,
      "requires": {
        "color-name": "~1.1.4"
      }
    },
    "color-name": {
      "version": "1.1.4",
      "resolved": "https://registry.npmjs.org/color-name/-/color-name-1.1.4.tgz",
      "integrity": "sha512-dOy+3AuW3a2wNbZHIuMZpTcgjGuLU/uBL/ubcZF9OXbDo8ff4O8yVp5Bf0efS8uEoYo5q4Fx7dY9OgQGXgAsQA==",
      "dev": true
    },
    "colorette": {
      "version": "1.2.2",
      "resolved": "https://registry.npmjs.org/colorette/-/colorette-1.2.2.tgz",
      "integrity": "sha512-MKGMzyfeuutC/ZJ1cba9NqcNpfeqMUcYmyF1ZFY6/Cn7CNSAKx6a+s48sqLqyAiZuaP2TcqMhoo+dlwFnVxT9w==",
      "dev": true
    },
    "debug": {
      "version": "4.3.2",
      "resolved": "https://registry.npmjs.org/debug/-/debug-4.3.2.tgz",
      "integrity": "sha512-mOp8wKcvj7XxC78zLgw/ZA+6TSgkoE2C/ienthhRD298T7UNwAg9diBpLRxC0mOezLl4B0xV7M0cCO6P/O0Xhw==",
      "dev": true,
      "requires": {
        "ms": "2.1.2"
      }
    },
    "detect-indent": {
      "version": "6.1.0",
      "resolved": "https://registry.npmjs.org/detect-indent/-/detect-indent-6.1.0.tgz",
      "integrity": "sha512-reYkTUJAZb9gUuZ2RvVCNhVHdg62RHnJ7WJl8ftMi4diZ6NWlciOzQN88pUhSELEwflJht4oQDv0F0BMlwaYtA==",
      "dev": true
    },
    "esbuild": {
      "version": "0.12.9",
      "resolved": "https://registry.npmjs.org/esbuild/-/esbuild-0.12.9.tgz",
      "integrity": "sha512-MWRhAbMOJ9RJygCrt778rz/qNYgA4ZVj6aXnNPxFjs7PmIpb0fuB9Gmg5uWrr6n++XKwwm/RmSz6RR5JL2Ocsw==",
      "dev": true
    },
    "estree-walker": {
      "version": "2.0.2",
      "resolved": "https://registry.npmjs.org/estree-walker/-/estree-walker-2.0.2.tgz",
      "integrity": "sha512-Rfkk/Mp/DL7JVje3u18FxFujQlTNR2q6QfMSMB7AvCBx91NGj/ba3kCfza0f6dVDbw7YlRf/nDrn7pQrCCyQ/w==",
      "dev": true
    },
    "fast-glob": {
      "version": "3.2.5",
      "resolved": "https://registry.npmjs.org/fast-glob/-/fast-glob-3.2.5.tgz",
      "integrity": "sha512-2DtFcgT68wiTTiwZ2hNdJfcHNke9XOfnwmBRWXhmeKM8rF0TGwmC/Qto3S7RoZKp5cilZbxzO5iTNTQsJ+EeDg==",
      "dev": true,
      "requires": {
        "@nodelib/fs.stat": "^2.0.2",
        "@nodelib/fs.walk": "^1.2.3",
        "glob-parent": "^5.1.0",
        "merge2": "^1.3.0",
        "micromatch": "^4.0.2",
        "picomatch": "^2.2.1"
      }
    },
    "fastq": {
      "version": "1.11.0",
      "resolved": "https://registry.npmjs.org/fastq/-/fastq-1.11.0.tgz",
      "integrity": "sha512-7Eczs8gIPDrVzT+EksYBcupqMyxSHXXrHOLRRxU2/DicV8789MRBRR8+Hc2uWzUupOs4YS4JzBmBxjjCVBxD/g==",
      "dev": true,
      "requires": {
        "reusify": "^1.0.4"
      }
    },
    "fill-range": {
      "version": "7.0.1",
      "resolved": "https://registry.npmjs.org/fill-range/-/fill-range-7.0.1.tgz",
      "integrity": "sha512-qOo9F+dMUmC2Lcb4BbVvnKJxTPjCm+RRpe4gDuGrzkL7mEVl/djYSu2OdQ2Pa302N4oqkSg9ir6jaLWJ2USVpQ==",
      "dev": true,
      "requires": {
        "to-regex-range": "^5.0.1"
      }
    },
    "fsevents": {
      "version": "2.3.2",
      "resolved": "https://registry.npmjs.org/fsevents/-/fsevents-2.3.2.tgz",
      "integrity": "sha512-xiqMQR4xAeHTuB9uWm+fFRcIOgKBMiOBP+eXiyT7jsgVCq1bkVygt00oASowB7EdtpOHaaPgKt812P9ab+DDKA==",
      "dev": true,
      "optional": true
    },
    "function-bind": {
      "version": "1.1.1",
      "resolved": "https://registry.npmjs.org/function-bind/-/function-bind-1.1.1.tgz",
      "integrity": "sha512-yIovAzMX49sF8Yl58fSCWJ5svSLuaibPxXQJFLmBObTuCr0Mf1KiPopGM9NiFjiYBCbfaa2Fh6breQ6ANVTI0A==",
      "dev": true
    },
    "glob-parent": {
      "version": "5.1.2",
      "resolved": "https://registry.npmjs.org/glob-parent/-/glob-parent-5.1.2.tgz",
      "integrity": "sha512-AOIgSQCepiJYwP3ARnGx+5VnTu2HBYdzbGP45eLw1vr3zB3vZLeyed1sC9hnbcOc9/SrMyM5RPQrkGz4aS9Zow==",
      "dev": true,
      "requires": {
        "is-glob": "^4.0.1"
      }
    },
    "has": {
      "version": "1.0.3",
      "resolved": "https://registry.npmjs.org/has/-/has-1.0.3.tgz",
      "integrity": "sha512-f2dvO0VU6Oej7RkWJGrehjbzMAjFp5/VKPp5tTpWIV4JHHZK1/BxbFRtf/siA2SWTe09caDmVtYYzWEIbBS4zw==",
      "dev": true,
      "requires": {
        "function-bind": "^1.1.1"
      }
    },
    "has-flag": {
      "version": "4.0.0",
      "resolved": "https://registry.npmjs.org/has-flag/-/has-flag-4.0.0.tgz",
      "integrity": "sha512-EykJT/Q1KjTWctppgIAgfSO0tKVuZUjhgMr17kqTumMl6Afv3EISleU7qZUzoXDFTAHTDC4NOoG/ZxU3EvlMPQ==",
      "dev": true
    },
    "is-core-module": {
      "version": "2.4.0",
      "resolved": "https://registry.npmjs.org/is-core-module/-/is-core-module-2.4.0.tgz",
      "integrity": "sha512-6A2fkfq1rfeQZjxrZJGerpLCTHRNEBiSgnu0+obeJpEPZRUooHgsizvzv0ZjJwOz3iWIHdJtVWJ/tmPr3D21/A==",
      "dev": true,
      "requires": {
        "has": "^1.0.3"
      }
    },
    "is-extglob": {
      "version": "2.1.1",
      "resolved": "https://registry.npmjs.org/is-extglob/-/is-extglob-2.1.1.tgz",
      "integrity": "sha1-qIwCU1eR8C7TfHahueqXc8gz+MI=",
      "dev": true
    },
    "is-glob": {
      "version": "4.0.1",
      "resolved": "https://registry.npmjs.org/is-glob/-/is-glob-4.0.1.tgz",
      "integrity": "sha512-5G0tKtBTFImOqDnLB2hG6Bp2qcKEFduo4tZu9MT/H6NQv/ghhy30o55ufafxJ/LdH79LLs2Kfrn85TLKyA7BUg==",
      "dev": true,
      "requires": {
        "is-extglob": "^2.1.1"
      }
    },
    "is-number": {
      "version": "7.0.0",
      "resolved": "https://registry.npmjs.org/is-number/-/is-number-7.0.0.tgz",
      "integrity": "sha512-41Cifkg6e8TylSpdtTpeLVMqvSBEVzTttHvERD741+pnZ8ANv0004MRL43QKPDlK9cGvNp6NZWZUBlbGXYxxng==",
      "dev": true
    },
    "jiti": {
      "version": "1.10.1",
      "resolved": "https://registry.npmjs.org/jiti/-/jiti-1.10.1.tgz",
      "integrity": "sha512-qux9juDtAC8HlZxAk/fku73ak4TWNLigRFTNzFShE/kw4bXVFsVu538vLXAxvNyPszXgpX4YxkXfwTYEi+zf5A==",
      "dev": true
    },
    "magic-string": {
      "version": "0.25.7",
      "resolved": "https://registry.npmjs.org/magic-string/-/magic-string-0.25.7.tgz",
      "integrity": "sha512-4CrMT5DOHTDk4HYDlzmwu4FVCcIYI8gauveasrdCu2IKIFOJ3f0v/8MDGJCDL9oD2ppz/Av1b0Nj345H9M+XIA==",
      "dev": true,
      "requires": {
        "sourcemap-codec": "^1.4.4"
      }
    },
    "merge2": {
      "version": "1.4.1",
      "resolved": "https://registry.npmjs.org/merge2/-/merge2-1.4.1.tgz",
      "integrity": "sha512-8q7VEgMJW4J8tcfVPy8g09NcQwZdbwFEqhe/WZkoIzjn/3TGDwtOCYtXGxA3O8tPzpczCCDgv+P2P5y00ZJOOg==",
      "dev": true
    },
    "micromatch": {
      "version": "4.0.4",
      "resolved": "https://registry.npmjs.org/micromatch/-/micromatch-4.0.4.tgz",
      "integrity": "sha512-pRmzw/XUcwXGpD9aI9q/0XOwLNygjETJ8y0ao0wdqprrzDa4YnxLcz7fQRZr8voh8V10kGhABbNcHVk5wHgWwg==",
      "dev": true,
      "requires": {
        "braces": "^3.0.1",
        "picomatch": "^2.2.3"
      }
    },
    "min-indent": {
      "version": "1.0.1",
      "resolved": "https://registry.npmjs.org/min-indent/-/min-indent-1.0.1.tgz",
      "integrity": "sha512-I9jwMn07Sy/IwOj3zVkVik2JTvgpaykDZEigL6Rx6N9LbMywwUSMtxET+7lVoDLLd3O3IXwJwvuuns8UB/HeAg==",
      "dev": true
    },
    "mri": {
      "version": "1.1.6",
      "resolved": "https://registry.npmjs.org/mri/-/mri-1.1.6.tgz",
      "integrity": "sha512-oi1b3MfbyGa7FJMP9GmLTttni5JoICpYBRlq+x5V16fZbLsnL9N3wFqqIm/nIG43FjUFkFh9Epzp/kzUGUnJxQ==",
      "dev": true
    },
    "ms": {
      "version": "2.1.2",
      "resolved": "https://registry.npmjs.org/ms/-/ms-2.1.2.tgz",
      "integrity": "sha512-sGkPx+VjMtmA6MX27oA4FBFELFCZZ4S4XqeGOXCv68tT+jb3vk/RyaKWP0PTKyWtmLSM0b+adUTEvbs1PEaH2w==",
      "dev": true
    },
    "nanoid": {
      "version": "3.1.23",
      "resolved": "https://registry.npmjs.org/nanoid/-/nanoid-3.1.23.tgz",
      "integrity": "sha512-FiB0kzdP0FFVGDKlRLEQ1BgDzU87dy5NnzjeW9YZNt+/c3+q82EQDUwniSAUxp/F0gFNI1ZhKU1FqYsMuqZVnw==",
      "dev": true
    },
    "path-parse": {
      "version": "1.0.7",
      "resolved": "https://registry.npmjs.org/path-parse/-/path-parse-1.0.7.tgz",
      "integrity": "sha512-LDJzPVEEEPR+y48z93A0Ed0yXb8pAByGWo/k5YYdYgpY2/2EsOsksJrq7lOHxryrVOn1ejG6oAp8ahvOIQD8sw==",
      "dev": true
    },
    "picomatch": {
      "version": "2.3.0",
      "resolved": "https://registry.npmjs.org/picomatch/-/picomatch-2.3.0.tgz",
      "integrity": "sha512-lY1Q/PiJGC2zOv/z391WOTD+Z02bCgsFfvxoXXf6h7kv9o+WmsmzYqrAwY63sNgOxE4xEdq0WyUnXfKeBrSvYw==",
      "dev": true
    },
    "postcss": {
      "version": "8.3.4",
      "resolved": "https://registry.npmjs.org/postcss/-/postcss-8.3.4.tgz",
      "integrity": "sha512-/tZY0PXExXXnNhKv3TOvZAOUYRyuqcCbBm2c17YMDK0PlVII3K7/LKdt3ScHL+hhouddjUWi+1sKDf9xXW+8YA==",
      "dev": true,
      "requires": {
        "colorette": "^1.2.2",
        "nanoid": "^3.1.23",
        "source-map-js": "^0.6.2"
      }
    },
    "prettier": {
      "version": "2.3.0",
      "resolved": "https://registry.npmjs.org/prettier/-/prettier-2.3.0.tgz",
      "integrity": "sha512-kXtO4s0Lz/DW/IJ9QdWhAf7/NmPWQXkFr/r/WkR3vyI+0v8amTDxiaQSLzs8NBlytfLWX/7uQUMIW677yLKl4w==",
      "dev": true
    },
    "prettier-plugin-svelte": {
      "version": "2.3.0",
      "resolved": "https://registry.npmjs.org/prettier-plugin-svelte/-/prettier-plugin-svelte-2.3.0.tgz",
      "integrity": "sha512-HTzXvSq7lWFuLsSaxYOUkGkVNCl3RrSjDCOgQjkBX5FQGmWjL8o3IFACSGhjPMMfWKADpapAr0zdbBWkND9mqw==",
      "dev": true
    },
    "queue-microtask": {
      "version": "1.2.3",
      "resolved": "https://registry.npmjs.org/queue-microtask/-/queue-microtask-1.2.3.tgz",
      "integrity": "sha512-NuaNSa6flKT5JaSYQzJok04JzTL1CA6aGhv5rfLW3PgqA+M2ChpZQnAC8h8i4ZFkBS8X5RqkDBHA7r4hej3K9A==",
      "dev": true
    },
    "require-relative": {
      "version": "0.8.7",
      "resolved": "https://registry.npmjs.org/require-relative/-/require-relative-0.8.7.tgz",
      "integrity": "sha1-eZlTn8ngR6N5KPoZb44VY9q9Nt4=",
      "dev": true
    },
    "resolve": {
      "version": "1.20.0",
      "resolved": "https://registry.npmjs.org/resolve/-/resolve-1.20.0.tgz",
      "integrity": "sha512-wENBPt4ySzg4ybFQW2TT1zMQucPK95HSh/nq2CFTZVOGut2+pQvSsgtda4d26YrYcr067wjbmzOG8byDPBX63A==",
      "dev": true,
      "requires": {
        "is-core-module": "^2.2.0",
        "path-parse": "^1.0.6"
      }
    },
    "reusify": {
      "version": "1.0.4",
      "resolved": "https://registry.npmjs.org/reusify/-/reusify-1.0.4.tgz",
      "integrity": "sha512-U9nH88a3fc/ekCF1l0/UP1IosiuIjyTh7hBvXVMHYgVcfGvt897Xguj2UOLDeI5BG2m7/uwyaLVT6fbtCwTyzw==",
      "dev": true
    },
    "rollup": {
      "version": "2.52.0",
      "resolved": "https://registry.npmjs.org/rollup/-/rollup-2.52.0.tgz",
      "integrity": "sha512-lSkBDGsVoXjqaBf7dsHwxBJz+p+hJEP72P+LOitA0yVs+Nzxj76FidkZE2thrmhjwGqLYiJo39opi7mAfaQ/Vg==",
      "dev": true,
      "requires": {
        "fsevents": "~2.3.2"
      }
    },
    "run-parallel": {
      "version": "1.2.0",
      "resolved": "https://registry.npmjs.org/run-parallel/-/run-parallel-1.2.0.tgz",
      "integrity": "sha512-5l4VyZR86LZ/lDxZTR6jqL8AFE2S0IFLMP26AbjsLVADxHdhB/c0GUsH+y39UfCi3dzz8OlQuPmnaJOMoDHQBA==",
      "dev": true,
      "requires": {
        "queue-microtask": "^1.2.2"
      }
    },
    "sade": {
      "version": "1.7.4",
      "resolved": "https://registry.npmjs.org/sade/-/sade-1.7.4.tgz",
      "integrity": "sha512-y5yauMD93rX840MwUJr7C1ysLFBgMspsdTo4UVrDg3fXDvtwOyIqykhVAAm6fk/3au77773itJStObgK+LKaiA==",
      "dev": true,
      "requires": {
        "mri": "^1.1.0"
      }
    },
    "source-map-js": {
      "version": "0.6.2",
      "resolved": "https://registry.npmjs.org/source-map-js/-/source-map-js-0.6.2.tgz",
      "integrity": "sha512-/3GptzWzu0+0MBQFrDKzw/DvvMTUORvgY6k6jd/VS6iCR4RDTKWH6v6WPwQoUO8667uQEf9Oe38DxAYWY5F/Ug==",
      "dev": true
    },
    "sourcemap-codec": {
      "version": "1.4.8",
      "resolved": "https://registry.npmjs.org/sourcemap-codec/-/sourcemap-codec-1.4.8.tgz",
      "integrity": "sha512-9NykojV5Uih4lgo5So5dtw+f0JgJX30KCNI8gwhz2J9A15wD0Ml6tjHKwf6fTSa6fAdVBdZeNOs9eJ71qCk8vA==",
      "dev": true
    },
    "strip-indent": {
      "version": "3.0.0",
      "resolved": "https://registry.npmjs.org/strip-indent/-/strip-indent-3.0.0.tgz",
      "integrity": "sha512-laJTa3Jb+VQpaC6DseHhF7dXVqHTfJPCRDaEbid/drOhgitgYku/letMUqOXFoWV0zIIUbjpdH2t+tYj4bQMRQ==",
      "dev": true,
      "requires": {
        "min-indent": "^1.0.0"
      }
    },
    "supports-color": {
      "version": "7.2.0",
      "resolved": "https://registry.npmjs.org/supports-color/-/supports-color-7.2.0.tgz",
      "integrity": "sha512-qpCAvRl9stuOHveKsn7HncJRvv501qIacKzQlO/+Lwxc9+0q2wLyv4Dfvt80/DPn2pqOBsJdDiogXGR9+OvwRw==",
      "dev": true,
      "requires": {
        "has-flag": "^4.0.0"
      }
    },
    "svelte": {
      "version": "3.38.2",
      "resolved": "https://registry.npmjs.org/svelte/-/svelte-3.38.2.tgz",
      "integrity": "sha512-q5Dq0/QHh4BLJyEVWGe7Cej5NWs040LWjMbicBGZ+3qpFWJ1YObRmUDZKbbovddLC9WW7THTj3kYbTOFmU9fbg==",
      "dev": true
    },
    "svelte-hmr": {
      "version": "0.14.4",
      "resolved": "https://registry.npmjs.org/svelte-hmr/-/svelte-hmr-0.14.4.tgz",
      "integrity": "sha512-kItFF7vqzStckSigoFmMnxJpTOdB9TWnQAW6Js+yAB4277tLbJIIE5KBlGHNmJNpA7MguqidsPB27Uw5UzQPCA==",
      "dev": true
    },
    "svelte-preprocess": {
      "version": "4.7.3",
      "resolved": "https://registry.npmjs.org/svelte-preprocess/-/svelte-preprocess-4.7.3.tgz",
      "integrity": "sha512-Zx1/xLeGOIBlZMGPRCaXtlMe4ZA0faato5Dc3CosEqwu75MIEPuOstdkH6cy+RYTUYynoxzNaDxkPX4DbrPwRA==",
      "dev": true,
      "requires": {
        "@types/pug": "^2.0.4",
        "@types/sass": "^1.16.0",
        "detect-indent": "^6.0.0",
        "strip-indent": "^3.0.0"
      }
    },
    "svelte-windicss-preprocess": {
      "version": "4.0.8",
      "resolved": "https://registry.npmjs.org/svelte-windicss-preprocess/-/svelte-windicss-preprocess-4.0.8.tgz",
      "integrity": "sha512-dqbMoR9Ve77dFmTMdXbHAWSrBCxLb0yMqpX+wR0GEVW7DMikiyo8YvvPoJbKFLZhD4rJYbr6YcN+xj0ii6heJQ==",
      "dev": true,
      "requires": {
        "prettier": "2.3.0",
        "prettier-plugin-svelte": "2.3.0",
        "windicss": "3.1.0",
        "windicss-runtime-dom": "0.1.1"
      }
    },
    "to-regex-range": {
      "version": "5.0.1",
      "resolved": "https://registry.npmjs.org/to-regex-range/-/to-regex-range-5.0.1.tgz",
      "integrity": "sha512-65P7iz6X5yEr1cwcgvQxbbIw7Uk3gOy5dIdtZ4rDveLqhrdJP+Li/Hx6tyK0NEb+2GCyneCMJiGqrADCSNk8sQ==",
      "dev": true,
      "requires": {
        "is-number": "^7.0.0"
      }
    },
    "vite": {
      "version": "2.3.7",
      "resolved": "https://registry.npmjs.org/vite/-/vite-2.3.7.tgz",
      "integrity": "sha512-Y0xRz11MPYu/EAvzN94+FsOZHbSvO6FUvHv127CyG7mV6oDoay2bw+g5y9wW3Blf8OY3chaz3nc/DcRe1IQ3Nw==",
      "dev": true,
      "requires": {
        "esbuild": "^0.12.5",
        "fsevents": "~2.3.1",
        "postcss": "^8.3.0",
        "resolve": "^1.19.0",
        "rollup": "^2.38.5"
      }
    },
    "vite-plugin-windicss": {
      "version": "1.0.4",
      "resolved": "https://registry.npmjs.org/vite-plugin-windicss/-/vite-plugin-windicss-1.0.4.tgz",
      "integrity": "sha512-3foNePu1+DHBrCMZhKf84rNH7pgWUoN53h1cKrnLBI4UruCCBmVvZ8W2Kr5cNGgh/ME/nslON2RQPoHxE+F0gA==",
      "dev": true,
      "requires": {
        "@windicss/plugin-utils": "1.0.4",
        "chalk": "^4.1.1",
        "debug": "^4.3.2",
        "windicss": "^3.1.3"
      },
      "dependencies": {
        "windicss": {
          "version": "3.1.3",
          "resolved": "https://registry.npmjs.org/windicss/-/windicss-3.1.3.tgz",
          "integrity": "sha512-l7fpoba2LY9AYRy4UgcuOpbPsed8UsbpEQYUVWRR1wdAwiKxK6bGIMfpiKJtjPAPdh0GOGUqr6KJar0EDZSxzg==",
          "dev": true
        }
      }
    },
    "windicss": {
      "version": "3.1.0",
      "resolved": "https://registry.npmjs.org/windicss/-/windicss-3.1.0.tgz",
      "integrity": "sha512-z49xITq4X1ltHIZyL4NwFTR2LXPJ0rbOOrhDXfLX+OfG4Au7+GAzqvNlzUfAaIbA8HSpnI04alQHUWH24KfNYA==",
      "dev": true
    },
    "windicss-runtime-dom": {
      "version": "0.1.1",
      "resolved": "https://registry.npmjs.org/windicss-runtime-dom/-/windicss-runtime-dom-0.1.1.tgz",
      "integrity": "sha512-hUNMCoGW01r946w710BDO/3bLgLQrlNRLVqXgCdbMPedIi6z5QFTIkzw+DVCEt6gojmrhy055CJ+ATTCefJTmg==",
      "dev": true
    }
  }
}
